// !$*UTF8*$!
{
	archiveVersion = 1;
	classes = {
	};
	objectVersion = 50;
	objects = {

/* Begin PBXBuildFile section */
		533E7D2E2356B9FA00B350D0 /* AppDelegate.m in Sources */ = {isa = PBXBuildFile; fileRef = 533E7D2D2356B9FA00B350D0 /* AppDelegate.m */; };
		533E7D312356B9FA00B350D0 /* SceneDelegate.m in Sources */ = {isa = PBXBuildFile; fileRef = 533E7D302356B9FA00B350D0 /* SceneDelegate.m */; };
		533E7D342356B9FA00B350D0 /* ViewController.m in Sources */ = {isa = PBXBuildFile; fileRef = 533E7D332356B9FA00B350D0 /* ViewController.m */; };
		533E7D372356B9FA00B350D0 /* Main.storyboard in Resources */ = {isa = PBXBuildFile; fileRef = 533E7D352356B9FA00B350D0 /* Main.storyboard */; };
		533E7D392356B9FF00B350D0 /* Assets.xcassets in Resources */ = {isa = PBXBuildFile; fileRef = 533E7D382356B9FF00B350D0 /* Assets.xcassets */; };
		533E7D3C2356B9FF00B350D0 /* LaunchScreen.storyboard in Resources */ = {isa = PBXBuildFile; fileRef = 533E7D3A2356B9FF00B350D0 /* LaunchScreen.storyboard */; };
		533E7D3F2356B9FF00B350D0 /* main.m in Sources */ = {isa = PBXBuildFile; fileRef = 533E7D3E2356B9FF00B350D0 /* main.m */; };
		533E7D492356B9FF00B350D0 /* ClassAnatomyObjcTests.m in Sources */ = {isa = PBXBuildFile; fileRef = 533E7D482356B9FF00B350D0 /* ClassAnatomyObjcTests.m */; };
		533E7D542356B9FF00B350D0 /* ClassAnatomyObjcUITests.m in Sources */ = {isa = PBXBuildFile; fileRef = 533E7D532356B9FF00B350D0 /* ClassAnatomyObjcUITests.m */; };
/* End PBXBuildFile section */

/* Begin PBXContainerItemProxy section */
		533E7D452356B9FF00B350D0 /* PBXContainerItemProxy */ = {
			isa = PBXContainerItemProxy;
			containerPortal = 533E7D212356B9F900B350D0 /* Project object */;
			proxyType = 1;
			remoteGlobalIDString = 533E7D282356B9F900B350D0;
			remoteInfo = ClassAnatomyObjc;
		};
		533E7D502356B9FF00B350D0 /* PBXContainerItemProxy */ = {
			isa = PBXContainerItemProxy;
			containerPortal = 533E7D212356B9F900B350D0 /* Project object */;
			proxyType = 1;
			remoteGlobalIDString = 533E7D282356B9F900B350D0;
			remoteInfo = ClassAnatomyObjc;
		};
/* End PBXContainerItemProxy section */

/* Begin PBXFileReference section */
		533E7D292356B9FA00B350D0 /* ClassAnatomyObjc.app */ = {isa = PBXFileReference; explicitFileType = wrapper.application; includeInIndex = 0; path = ClassAnatomyObjc.app; sourceTree = BUILT_PRODUCTS_DIR; };
		533E7D2C2356B9FA00B350D0 /* AppDelegate.h */ = {isa = PBXFileReference; lastKnownFileType = sourcecode.c.h; path = AppDelegate.h; sourceTree = "<group>"; };
		533E7D2D2356B9FA00B350D0 /* AppDelegate.m */ = {isa = PBXFileReference; lastKnownFileType = sourcecode.c.objc; path = AppDelegate.m; sourceTree = "<group>"; };
		533E7D2F2356B9FA00B350D0 /* SceneDelegate.h */ = {isa = PBXFileReference; lastKnownFileType = sourcecode.c.h; path = SceneDelegate.h; sourceTree = "<group>"; };
		533E7D302356B9FA00B350D0 /* SceneDelegate.m */ = {isa = PBXFileReference; lastKnownFileType = sourcecode.c.objc; path = SceneDelegate.m; sourceTree = "<group>"; };
		533E7D322356B9FA00B350D0 /* ViewController.h */ = {isa = PBXFileReference; lastKnownFileType = sourcecode.c.h; path = ViewController.h; sourceTree = "<group>"; };
		533E7D332356B9FA00B350D0 /* ViewController.m */ = {isa = PBXFileReference; lastKnownFileType = sourcecode.c.objc; path = ViewController.m; sourceTree = "<group>"; };
		533E7D362356B9FA00B350D0 /* Base */ = {isa = PBXFileReference; lastKnownFileType = file.storyboard; name = Base; path = Base.lproj/Main.storyboard; sourceTree = "<group>"; };
		533E7D382356B9FF00B350D0 /* Assets.xcassets */ = {isa = PBXFileReference; lastKnownFileType = folder.assetcatalog; path = Assets.xcassets; sourceTree = "<group>"; };
		533E7D3B2356B9FF00B350D0 /* Base */ = {isa = PBXFileReference; lastKnownFileType = file.storyboard; name = Base; path = Base.lproj/LaunchScreen.storyboard; sourceTree = "<group>"; };
		533E7D3D2356B9FF00B350D0 /* Info.plist */ = {isa = PBXFileReference; lastKnownFileType = text.plist.xml; path = Info.plist; sourceTree = "<group>"; };
		533E7D3E2356B9FF00B350D0 /* main.m */ = {isa = PBXFileReference; lastKnownFileType = sourcecode.c.objc; path = main.m; sourceTree = "<group>"; };
		533E7D442356B9FF00B350D0 /* ClassAnatomyObjcTests.xctest */ = {isa = PBXFileReference; explicitFileType = wrapper.cfbundle; includeInIndex = 0; path = ClassAnatomyObjcTests.xctest; sourceTree = BUILT_PRODUCTS_DIR; };
		533E7D482356B9FF00B350D0 /* ClassAnatomyObjcTests.m */ = {isa = PBXFileReference; lastKnownFileType = sourcecode.c.objc; path = ClassAnatomyObjcTests.m; sourceTree = "<group>"; };
		533E7D4A2356B9FF00B350D0 /* Info.plist */ = {isa = PBXFileReference; lastKnownFileType = text.plist.xml; path = Info.plist; sourceTree = "<group>"; };
		533E7D4F2356B9FF00B350D0 /* ClassAnatomyObjcUITests.xctest */ = {isa = PBXFileReference; explicitFileType = wrapper.cfbundle; includeInIndex = 0; path = ClassAnatomyObjcUITests.xctest; sourceTree = BUILT_PRODUCTS_DIR; };
		533E7D532356B9FF00B350D0 /* ClassAnatomyObjcUITests.m */ = {isa = PBXFileReference; lastKnownFileType = sourcecode.c.objc; path = ClassAnatomyObjcUITests.m; sourceTree = "<group>"; };
		533E7D552356B9FF00B350D0 /* Info.plist */ = {isa = PBXFileReference; lastKnownFileType = text.plist.xml; path = Info.plist; sourceTree = "<group>"; };
/* End PBXFileReference section */

/* Begin PBXFrameworksBuildPhase section */
		533E7D262356B9F900B350D0 /* Frameworks */ = {
			isa = PBXFrameworksBuildPhase;
			buildActionMask = 2147483647;
			files = (
			);
			runOnlyForDeploymentPostprocessing = 0;
		};
		533E7D412356B9FF00B350D0 /* Frameworks */ = {
			isa = PBXFrameworksBuildPhase;
			buildActionMask = 2147483647;
			files = (
			);
			runOnlyForDeploymentPostprocessing = 0;
		};
		533E7D4C2356B9FF00B350D0 /* Frameworks */ = {
			isa = PBXFrameworksBuildPhase;
			buildActionMask = 2147483647;
			files = (
			);
			runOnlyForDeploymentPostprocessing = 0;
		};
/* End PBXFrameworksBuildPhase section */

/* Begin PBXGroup section */
		533E7D202356B9F900B350D0 = {
			isa = PBXGroup;
			children = (
				533E7D2B2356B9FA00B350D0 /* ClassAnatomyObjc */,
				533E7D472356B9FF00B350D0 /* ClassAnatomyObjcTests */,
				533E7D522356B9FF00B350D0 /* ClassAnatomyObjcUITests */,
				533E7D2A2356B9FA00B350D0 /* Products */,
			);
			sourceTree = "<group>";
		};
		533E7D2A2356B9FA00B350D0 /* Products */ = {
			isa = PBXGroup;
			children = (
				533E7D292356B9FA00B350D0 /* ClassAnatomyObjc.app */,
				533E7D442356B9FF00B350D0 /* ClassAnatomyObjcTests.xctest */,
				533E7D4F2356B9FF00B350D0 /* ClassAnatomyObjcUITests.xctest */,
			);
			name = Products;
			sourceTree = "<group>";
		};
		533E7D2B2356B9FA00B350D0 /* ClassAnatomyObjc */ = {
			isa = PBXGroup;
			children = (
				533E7D2C2356B9FA00B350D0 /* AppDelegate.h */,
				533E7D2D2356B9FA00B350D0 /* AppDelegate.m */,
				533E7D2F2356B9FA00B350D0 /* SceneDelegate.h */,
				533E7D302356B9FA00B350D0 /* SceneDelegate.m */,
				533E7D322356B9FA00B350D0 /* ViewController.h */,
				533E7D332356B9FA00B350D0 /* ViewController.m */,
				533E7D352356B9FA00B350D0 /* Main.storyboard */,
				533E7D382356B9FF00B350D0 /* Assets.xcassets */,
				533E7D3A2356B9FF00B350D0 /* LaunchScreen.storyboard */,
				533E7D3D2356B9FF00B350D0 /* Info.plist */,
				533E7D3E2356B9FF00B350D0 /* main.m */,
			);
			path = ClassAnatomyObjc;
			sourceTree = "<group>";
		};
		533E7D472356B9FF00B350D0 /* ClassAnatomyObjcTests */ = {
			isa = PBXGroup;
			children = (
				533E7D482356B9FF00B350D0 /* ClassAnatomyObjcTests.m */,
				533E7D4A2356B9FF00B350D0 /* Info.plist */,
			);
			path = ClassAnatomyObjcTests;
			sourceTree = "<group>";
		};
		533E7D522356B9FF00B350D0 /* ClassAnatomyObjcUITests */ = {
			isa = PBXGroup;
			children = (
				533E7D532356B9FF00B350D0 /* ClassAnatomyObjcUITests.m */,
				533E7D552356B9FF00B350D0 /* Info.plist */,
			);
			path = ClassAnatomyObjcUITests;
			sourceTree = "<group>";
		};
/* End PBXGroup section */

/* Begin PBXNativeTarget section */
		533E7D282356B9F900B350D0 /* ClassAnatomyObjc */ = {
			isa = PBXNativeTarget;
			buildConfigurationList = 533E7D582356B9FF00B350D0 /* Build configuration list for PBXNativeTarget "ClassAnatomyObjc" */;
			buildPhases = (
				533E7D252356B9F900B350D0 /* Sources */,
				533E7D262356B9F900B350D0 /* Frameworks */,
				533E7D272356B9F900B350D0 /* Resources */,
			);
			buildRules = (
			);
			dependencies = (
			);
			name = ClassAnatomyObjc;
			productName = ClassAnatomyObjc;
			productReference = 533E7D292356B9FA00B350D0 /* ClassAnatomyObjc.app */;
			productType = "com.apple.product-type.application";
		};
		533E7D432356B9FF00B350D0 /* ClassAnatomyObjcTests */ = {
			isa = PBXNativeTarget;
			buildConfigurationList = 533E7D5B2356B9FF00B350D0 /* Build configuration list for PBXNativeTarget "ClassAnatomyObjcTests" */;
			buildPhases = (
				533E7D402356B9FF00B350D0 /* Sources */,
				533E7D412356B9FF00B350D0 /* Frameworks */,
				533E7D422356B9FF00B350D0 /* Resources */,
			);
			buildRules = (
			);
			dependencies = (
				533E7D462356B9FF00B350D0 /* PBXTargetDependency */,
			);
			name = ClassAnatomyObjcTests;
			productName = ClassAnatomyObjcTests;
			productReference = 533E7D442356B9FF00B350D0 /* ClassAnatomyObjcTests.xctest */;
			productType = "com.apple.product-type.bundle.unit-test";
		};
		533E7D4E2356B9FF00B350D0 /* ClassAnatomyObjcUITests */ = {
			isa = PBXNativeTarget;
			buildConfigurationList = 533E7D5E2356B9FF00B350D0 /* Build configuration list for PBXNativeTarget "ClassAnatomyObjcUITests" */;
			buildPhases = (
				533E7D4B2356B9FF00B350D0 /* Sources */,
				533E7D4C2356B9FF00B350D0 /* Frameworks */,
				533E7D4D2356B9FF00B350D0 /* Resources */,
			);
			buildRules = (
			);
			dependencies = (
				533E7D512356B9FF00B350D0 /* PBXTargetDependency */,
			);
			name = ClassAnatomyObjcUITests;
			productName = ClassAnatomyObjcUITests;
			productReference = 533E7D4F2356B9FF00B350D0 /* ClassAnatomyObjcUITests.xctest */;
			productType = "com.apple.product-type.bundle.ui-testing";
		};
/* End PBXNativeTarget section */

/* Begin PBXProject section */
		533E7D212356B9F900B350D0 /* Project object */ = {
			isa = PBXProject;
			attributes = {
				LastUpgradeCheck = 1100;
				ORGANIZATIONNAME = "Amit Biswas";
				TargetAttributes = {
					533E7D282356B9F900B350D0 = {
						CreatedOnToolsVersion = 11.0;
					};
					533E7D432356B9FF00B350D0 = {
						CreatedOnToolsVersion = 11.0;
						TestTargetID = 533E7D282356B9F900B350D0;
					};
					533E7D4E2356B9FF00B350D0 = {
						CreatedOnToolsVersion = 11.0;
						TestTargetID = 533E7D282356B9F900B350D0;
					};
				};
			};
			buildConfigurationList = 533E7D242356B9F900B350D0 /* Build configuration list for PBXProject "ClassAnatomyObjc" */;
			compatibilityVersion = "Xcode 9.3";
			developmentRegion = en;
			hasScannedForEncodings = 0;
			knownRegions = (
				en,
				Base,
			);
			mainGroup = 533E7D202356B9F900B350D0;
			productRefGroup = 533E7D2A2356B9FA00B350D0 /* Products */;
			projectDirPath = "";
			projectRoot = "";
			targets = (
				533E7D282356B9F900B350D0 /* ClassAnatomyObjc */,
				533E7D432356B9FF00B350D0 /* ClassAnatomyObjcTests */,
				533E7D4E2356B9FF00B350D0 /* ClassAnatomyObjcUITests */,
			);
		};
/* End PBXProject section */

/* Begin PBXResourcesBuildPhase section */
		533E7D272356B9F900B350D0 /* Resources */ = {
			isa = PBXResourcesBuildPhase;
			buildActionMask = 2147483647;
			files = (
				533E7D3C2356B9FF00B350D0 /* LaunchScreen.storyboard in Resources */,
				533E7D392356B9FF00B350D0 /* Assets.xcassets in Resources */,
				533E7D372356B9FA00B350D0 /* Main.storyboard in Resources */,
			);
			runOnlyForDeploymentPostprocessing = 0;
		};
		533E7D422356B9FF00B350D0 /* Resources */ = {
			isa = PBXResourcesBuildPhase;
			buildActionMask = 2147483647;
			files = (
			);
			runOnlyForDeploymentPostprocessing = 0;
		};
		533E7D4D2356B9FF00B350D0 /* Resources */ = {
			isa = PBXResourcesBuildPhase;
			buildActionMask = 2147483647;
			files = (
			);
			runOnlyForDeploymentPostprocessing = 0;
		};
/* End PBXResourcesBuildPhase section */

/* Begin PBXSourcesBuildPhase section */
		533E7D252356B9F900B350D0 /* Sources */ = {
			isa = PBXSourcesBuildPhase;
			buildActionMask = 2147483647;
			files = (
				533E7D342356B9FA00B350D0 /* ViewController.m in Sources */,
				533E7D2E2356B9FA00B350D0 /* AppDelegate.m in Sources */,
				533E7D3F2356B9FF00B350D0 /* main.m in Sources */,
				533E7D312356B9FA00B350D0 /* SceneDelegate.m in Sources */,
			);
			runOnlyForDeploymentPostprocessing = 0;
		};
		533E7D402356B9FF00B350D0 /* Sources */ = {
			isa = PBXSourcesBuildPhase;
			buildActionMask = 2147483647;
			files = (
				533E7D492356B9FF00B350D0 /* ClassAnatomyObjcTests.m in Sources */,
			);
			runOnlyForDeploymentPostprocessing = 0;
		};
		533E7D4B2356B9FF00B350D0 /* Sources */ = {
			isa = PBXSourcesBuildPhase;
			buildActionMask = 2147483647;
			files = (
				533E7D542356B9FF00B350D0 /* ClassAnatomyObjcUITests.m in Sources */,
			);
			runOnlyForDeploymentPostprocessing = 0;
		};
/* End PBXSourcesBuildPhase section */

/* Begin PBXTargetDependency section */
		533E7D462356B9FF00B350D0 /* PBXTargetDependency */ = {
			isa = PBXTargetDependency;
			target = 533E7D282356B9F900B350D0 /* ClassAnatomyObjc */;
			targetProxy = 533E7D452356B9FF00B350D0 /* PBXContainerItemProxy */;
		};
		533E7D512356B9FF00B350D0 /* PBXTargetDependency */ = {
			isa = PBXTargetDependency;
			target = 533E7D282356B9F900B350D0 /* ClassAnatomyObjc */;
			targetProxy = 533E7D502356B9FF00B350D0 /* PBXContainerItemProxy */;
		};
/* End PBXTargetDependency section */

/* Begin PBXVariantGroup section */
		533E7D352356B9FA00B350D0 /* Main.storyboard */ = {
			isa = PBXVariantGroup;
			children = (
				533E7D362356B9FA00B350D0 /* Base */,
			);
			name = Main.storyboard;
			sourceTree = "<group>";
		};
		533E7D3A2356B9FF00B350D0 /* LaunchScreen.storyboard */ = {
			isa = PBXVariantGroup;
			children = (
				533E7D3B2356B9FF00B350D0 /* Base */,
			);
			name = LaunchScreen.storyboard;
			sourceTree = "<group>";
		};
/* End PBXVariantGroup section */

/* Begin XCBuildConfiguration section */
		533E7D562356B9FF00B350D0 /* Debug */ = {
			isa = XCBuildConfiguration;
			buildSettings = {
				ALWAYS_SEARCH_USER_PATHS = NO;
				CLANG_ANALYZER_NONNULL = YES;
				CLANG_ANALYZER_NUMBER_OBJECT_CONVERSION = YES_AGGRESSIVE;
				CLANG_CXX_LANGUAGE_STANDARD = "gnu++14";
				CLANG_CXX_LIBRARY = "libc++";
				CLANG_ENABLE_MODULES = YES;
				CLANG_ENABLE_OBJC_ARC = YES;
				CLANG_ENABLE_OBJC_WEAK = YES;
				CLANG_WARN_BLOCK_CAPTURE_AUTORELEASING = YES;
				CLANG_WARN_BOOL_CONVERSION = YES;
				CLANG_WARN_COMMA = YES;
				CLANG_WARN_CONSTANT_CONVERSION = YES;
				CLANG_WARN_DEPRECATED_OBJC_IMPLEMENTATIONS = YES;
				CLANG_WARN_DIRECT_OBJC_ISA_USAGE = YES_ERROR;
				CLANG_WARN_DOCUMENTATION_COMMENTS = YES;
				CLANG_WARN_EMPTY_BODY = YES;
				CLANG_WARN_ENUM_CONVERSION = YES;
				CLANG_WARN_INFINITE_RECURSION = YES;
				CLANG_WARN_INT_CONVERSION = YES;
				CLANG_WARN_NON_LITERAL_NULL_CONVERSION = YES;
				CLANG_WARN_OBJC_IMPLICIT_RETAIN_SELF = YES;
				CLANG_WARN_OBJC_LITERAL_CONVERSION = YES;
				CLANG_WARN_OBJC_ROOT_CLASS = YES_ERROR;
				CLANG_WARN_RANGE_LOOP_ANALYSIS = YES;
				CLANG_WARN_STRICT_PROTOTYPES = YES;
				CLANG_WARN_SUSPICIOUS_MOVE = YES;
				CLANG_WARN_UNGUARDED_AVAILABILITY = YES_AGGRESSIVE;
				CLANG_WARN_UNREACHABLE_CODE = YES;
				CLANG_WARN__DUPLICATE_METHOD_MATCH = YES;
				COPY_PHASE_STRIP = NO;
				DEBUG_INFORMATION_FORMAT = dwarf;
				ENABLE_STRICT_OBJC_MSGSEND = YES;
				ENABLE_TESTABILITY = YES;
				GCC_C_LANGUAGE_STANDARD = gnu11;
				GCC_DYNAMIC_NO_PIC = NO;
				GCC_NO_COMMON_BLOCKS = YES;
				GCC_OPTIMIZATION_LEVEL = 0;
				GCC_PREPROCESSOR_DEFINITIONS = (
					"DEBUG=1",
					"$(inherited)",
				);
				GCC_WARN_64_TO_32_BIT_CONVERSION = YES;
				GCC_WARN_ABOUT_RETURN_TYPE = YES_ERROR;
				GCC_WARN_UNDECLARED_SELECTOR = YES;
				GCC_WARN_UNINITIALIZED_AUTOS = YES_AGGRESSIVE;
				GCC_WARN_UNUSED_FUNCTION = YES;
				GCC_WARN_UNUSED_VARIABLE = YES;
				IPHONEOS_DEPLOYMENT_TARGET = 13.0;
				MTL_ENABLE_DEBUG_INFO = INCLUDE_SOURCE;
				MTL_FAST_MATH = YES;
				ONLY_ACTIVE_ARCH = YES;
				SDKROOT = iphoneos;
			};
			name = Debug;
		};
		533E7D572356B9FF00B350D0 /* Release */ = {
			isa = XCBuildConfiguration;
			buildSettings = {
				ALWAYS_SEARCH_USER_PATHS = NO;
				CLANG_ANALYZER_NONNULL = YES;
				CLANG_ANALYZER_NUMBER_OBJECT_CONVERSION = YES_AGGRESSIVE;
				CLANG_CXX_LANGUAGE_STANDARD = "gnu++14";
				CLANG_CXX_LIBRARY = "libc++";
				CLANG_ENABLE_MODULES = YES;
				CLANG_ENABLE_OBJC_ARC = YES;
				CLANG_ENABLE_OBJC_WEAK = YES;
				CLANG_WARN_BLOCK_CAPTURE_AUTORELEASING = YES;
				CLANG_WARN_BOOL_CONVERSION = YES;
				CLANG_WARN_COMMA = YES;
				CLANG_WARN_CONSTANT_CONVERSION = YES;
				CLANG_WARN_DEPRECATED_OBJC_IMPLEMENTATIONS = YES;
				CLANG_WARN_DIRECT_OBJC_ISA_USAGE = YES_ERROR;
				CLANG_WARN_DOCUMENTATION_COMMENTS = YES;
				CLANG_WARN_EMPTY_BODY = YES;
				CLANG_WARN_ENUM_CONVERSION = YES;
				CLANG_WARN_INFINITE_RECURSION = YES;
				CLANG_WARN_INT_CONVERSION = YES;
				CLANG_WARN_NON_LITERAL_NULL_CONVERSION = YES;
				CLANG_WARN_OBJC_IMPLICIT_RETAIN_SELF = YES;
				CLANG_WARN_OBJC_LITERAL_CONVERSION = YES;
				CLANG_WARN_OBJC_ROOT_CLASS = YES_ERROR;
				CLANG_WARN_RANGE_LOOP_ANALYSIS = YES;
				CLANG_WARN_STRICT_PROTOTYPES = YES;
				CLANG_WARN_SUSPICIOUS_MOVE = YES;
				CLANG_WARN_UNGUARDED_AVAILABILITY = YES_AGGRESSIVE;
				CLANG_WARN_UNREACHABLE_CODE = YES;
				CLANG_WARN__DUPLICATE_METHOD_MATCH = YES;
				COPY_PHASE_STRIP = NO;
				DEBUG_INFORMATION_FORMAT = "dwarf-with-dsym";
				ENABLE_NS_ASSERTIONS = NO;
				ENABLE_STRICT_OBJC_MSGSEND = YES;
				GCC_C_LANGUAGE_STANDARD = gnu11;
				GCC_NO_COMMON_BLOCKS = YES;
				GCC_WARN_64_TO_32_BIT_CONVERSION = YES;
				GCC_WARN_ABOUT_RETURN_TYPE = YES_ERROR;
				GCC_WARN_UNDECLARED_SELECTOR = YES;
				GCC_WARN_UNINITIALIZED_AUTOS = YES_AGGRESSIVE;
				GCC_WARN_UNUSED_FUNCTION = YES;
				GCC_WARN_UNUSED_VARIABLE = YES;
				IPHONEOS_DEPLOYMENT_TARGET = 13.0;
				MTL_ENABLE_DEBUG_INFO = NO;
				MTL_FAST_MATH = YES;
				SDKROOT = iphoneos;
				VALIDATE_PRODUCT = YES;
			};
			name = Release;
		};
		533E7D592356B9FF00B350D0 /* Debug */ = {
			isa = XCBuildConfiguration;
			buildSettings = {
				ASSETCATALOG_COMPILER_APPICON_NAME = AppIcon;
				CODE_SIGN_STYLE = Automatic;
				DEVELOPMENT_TEAM = 8CW2632N57;
				INFOPLIST_FILE = ClassAnatomyObjc/Info.plist;
				LD_RUNPATH_SEARCH_PATHS = (
					"$(inherited)",
					"@executable_path/Frameworks",
				);
				PRODUCT_BUNDLE_IDENTIFIER = com.amitbiswas.ClassAnatomyObjc;
				PRODUCT_NAME = "$(TARGET_NAME)";
				TARGETED_DEVICE_FAMILY = "1,2";
			};
			name = Debug;
		};
		533E7D5A2356B9FF00B350D0 /* Release */ = {
			isa = XCBuildConfiguration;
			buildSettings = {
				ASSETCATALOG_COMPILER_APPICON_NAME = AppIcon;
				CODE_SIGN_STYLE = Automatic;
				DEVELOPMENT_TEAM = 8CW2632N57;
				INFOPLIST_FILE = ClassAnatomyObjc/Info.plist;
				LD_RUNPATH_SEARCH_PATHS = (
					"$(inherited)",
					"@executable_path/Frameworks",
				);
				PRODUCT_BUNDLE_IDENTIFIER = com.amitbiswas.ClassAnatomyObjc;
				PRODUCT_NAME = "$(TARGET_NAME)";
				TARGETED_DEVICE_FAMILY = "1,2";
			};
			name = Release;
		};
		533E7D5C2356B9FF00B350D0 /* Debug */ = {
			isa = XCBuildConfiguration;
			buildSettings = {
				BUNDLE_LOADER = "$(TEST_HOST)";
				CODE_SIGN_STYLE = Automatic;
				DEVELOPMENT_TEAM = 8CW2632N57;
				INFOPLIST_FILE = ClassAnatomyObjcTests/Info.plist;
				IPHONEOS_DEPLOYMENT_TARGET = 13.0;
				LD_RUNPATH_SEARCH_PATHS = (
					"$(inherited)",
					"@executable_path/Frameworks",
					"@loader_path/Frameworks",
				);
				PRODUCT_BUNDLE_IDENTIFIER = com.amitbiswas.ClassAnatomyObjcTests;
				PRODUCT_NAME = "$(TARGET_NAME)";
				TARGETED_DEVICE_FAMILY = "1,2";
				TEST_HOST = "$(BUILT_PRODUCTS_DIR)/ClassAnatomyObjc.app/ClassAnatomyObjc";
			};
			name = Debug;
		};
		533E7D5D2356B9FF00B350D0 /* Release */ = {
			isa = XCBuildConfiguration;
			buildSettings = {
				BUNDLE_LOADER = "$(TEST_HOST)";
				CODE_SIGN_STYLE = Automatic;
				DEVELOPMENT_TEAM = 8CW2632N57;
				INFOPLIST_FILE = ClassAnatomyObjcTests/Info.plist;
				IPHONEOS_DEPLOYMENT_TARGET = 13.0;
				LD_RUNPATH_SEARCH_PATHS = (
					"$(inherited)",
					"@executable_path/Frameworks",
					"@loader_path/Frameworks",
				);
				PRODUCT_BUNDLE_IDENTIFIER = com.amitbiswas.ClassAnatomyObjcTests;
				PRODUCT_NAME = "$(TARGET_NAME)";
				TARGETED_DEVICE_FAMILY = "1,2";
				TEST_HOST = "$(BUILT_PRODUCTS_DIR)/ClassAnatomyObjc.app/ClassAnatomyObjc";
			};
			name = Release;
		};
		533E7D5F2356B9FF00B350D0 /* Debug */ = {
			isa = XCBuildConfiguration;
			buildSettings = {
				CODE_SIGN_STYLE = Automatic;
				DEVELOPMENT_TEAM = 8CW2632N57;
				INFOPLIST_FILE = ClassAnatomyObjcUITests/Info.plist;
				LD_RUNPATH_SEARCH_PATHS = (
					"$(inherited)",
					"@executable_path/Frameworks",
					"@loader_path/Frameworks",
				);
				PRODUCT_BUNDLE_IDENTIFIER = com.amitbiswas.ClassAnatomyObjcUITests;
				PRODUCT_NAME = "$(TARGET_NAME)";
				TARGETED_DEVICE_FAMILY = "1,2";
				TEST_TARGET_NAME = ClassAnatomyObjc;
			};
			name = Debug;
		};
		533E7D602356B9FF00B350D0 /* Release */ = {
			isa = XCBuildConfiguration;
			buildSettings = {
				CODE_SIGN_STYLE = Automatic;
				DEVELOPMENT_TEAM = 8CW2632N57;
				INFOPLIST_FILE = ClassAnatomyObjcUITests/Info.plist;
				LD_RUNPATH_SEARCH_PATHS = (
					"$(inherited)",
					"@executable_path/Frameworks",
					"@loader_path/Frameworks",
				);
				PRODUCT_BUNDLE_IDENTIFIER = com.amitbiswas.ClassAnatomyObjcUITests;
				PRODUCT_NAME = "$(TARGET_NAME)";
				TARGETED_DEVICE_FAMILY = "1,2";
				TEST_TARGET_NAME = ClassAnatomyObjc;
			};
			name = Release;
		};
/* End XCBuildConfiguration section */

/* Begin XCConfigurationList section */
		533E7D242356B9F900B350D0 /* Build configuration list for PBXProject "ClassAnatomyObjc" */ = {
			isa = XCConfigurationList;
			buildConfigurations = (
				533E7D562356B9FF00B350D0 /* Debug */,
				533E7D572356B9FF00B350D0 /* Release */,
			);
			defaultConfigurationIsVisible = 0;
			defaultConfigurationName = Release;
		};
		533E7D582356B9FF00B350D0 /* Build configuration list for PBXNativeTarget "ClassAnatomyObjc" */ = {
			isa = XCConfigurationList;
			buildConfigurations = (
				533E7D592356B9FF00B350D0 /* Debug */,
				533E7D5A2356B9FF00B350D0 /* Release */,
			);
			defaultConfigurationIsVisible = 0;
			defaultConfigurationName = Release;
		};
		533E7D5B2356B9FF00B350D0 /* Build configuration list for PBXNativeTarget "ClassAnatomyObjcTests" */ = {
			isa = XCConfigurationList;
			buildConfigurations = (
				533E7D5C2356B9FF00B350D0 /* Debug */,
				533E7D5D2356B9FF00B350D0 /* Release */,
			);
			defaultConfigurationIsVisible = 0;
			defaultConfigurationName = Release;
		};
		533E7D5E2356B9FF00B350D0 /* Build configuration list for PBXNativeTarget "ClassAnatomyObjcUITests" */ = {
			isa = XCConfigurationList;
			buildConfigurations = (
				533E7D5F2356B9FF00B350D0 /* Debug */,
				533E7D602356B9FF00B350D0 /* Release */,
			);
			defaultConfigurationIsVisible = 0;
			defaultConfigurationName = Release;
		};
/* End XCConfigurationList section */
	};
	rootObject = 533E7D212356B9F900B350D0 /* Project object */;
}
